
Microsoft Visual Studio Solution File, Format Version 12.00
# Visual Studio Version 16
VisualStudioVersion = 16.0.30204.135
MinimumVisualStudioVersion = 10.0.40219.1
Project("{9A19103F-16F7-4668-BE54-9A1E7A4F7556}") = "pryCarpetaCiudadana_APIGateway", "pryCarpetaCiudadana_APIGateway\pryCarpetaCiudadana_APIGateway.csproj", "{44E4BEC7-D2EC-4E3E-98C5-5347F74172BF}"
EndProject
Project("{9A19103F-16F7-4668-BE54-9A1E7A4F7556}") = "pryCarpetaCiudadana_MS-RegistrarCiudadano", "pryCarpetaCiudadana_MS-RegistrarCiudadano\pryCarpetaCiudadana_MS-RegistrarCiudadano.csproj", "{82BEC2DE-0522-4535-A317-6FE1E4971167}"
EndProject
Project("{9A19103F-16F7-4668-BE54-9A1E7A4F7556}") = "pryCarpetaCiudadana_Security", "pryCarpetaCiudadana_Security\pryCarpetaCiudadana_Security.csproj", "{AC4F9552-8F99-462C-8C71-3C79A6E5454D}"
EndProject
Project("{9A19103F-16F7-4668-BE54-9A1E7A4F7556}") = "pryCarpetaCiudadana.Registrar", "pryCarpetaCiudadana.Registrar\pryCarpetaCiudadana.Registrar.csproj", "{B526E7AA-ED03-4D92-B693-018FAFBE02C2}"
EndProject
Project("{9A19103F-16F7-4668-BE54-9A1E7A4F7556}") = "pryCarpetaCiudadana.Notificar", "pryCarpetaCiudadana.Notificar\pryCarpetaCiudadana.Notificar.csproj", "{D2B00107-E25B-4E44-AD09-5851E86D6B13}"
EndProject
Project("{9A19103F-16F7-4668-BE54-9A1E7A4F7556}") = "pryCarpetaCiudadanaLambda.Registrar", "pryCarpetaCiudadanaLambda.Registrar\pryCarpetaCiudadanaLambda.Registrar.csproj", "{40BFDDE1-D0A4-42F7-AB9A-2B7F2E20922B}"
EndProject
Project("{9A19103F-16F7-4668-BE54-9A1E7A4F7556}") = "pryCarpetaCiudadanaLambda.Notificar", "pryCarpetaCiudadanaLambda.Notificar\pryCarpetaCiudadanaLambda.Notificar.csproj", "{3A4C7003-C3BE-4A45-AED9-C278DC829566}"
EndProject
Project("{9A19103F-16F7-4668-BE54-9A1E7A4F7556}") = "pryCarpetaCiudadana.ValidarCliente", "pryCarpetaCiudadana.ValidarCliente\pryCarpetaCiudadana.ValidarCliente.csproj", "{0798E698-A05C-4C8E-AC3C-2EBE6139E685}"
EndProject
Project("{9A19103F-16F7-4668-BE54-9A1E7A4F7556}") = "pryCarpetaCiudadanaLambda.ValidarCliente", "pryCarpetaCiudadanaLambda.ValidarCliente\pryCarpetaCiudadanaLambda.ValidarCliente.csproj", "{7A070184-0ACD-47DF-9049-7C3494D1A746}"
EndProject
Project("{FAE04EC0-301F-11D3-BF4B-00C04F79EFBC}") = "pryCarpetaCiudadana.AutenticarDocumento", "pryCarpetaCiudadana.AutenticarDocumento\pryCarpetaCiudadana.AutenticarDocumento.csproj", "{1F2E6A3B-3B50-4393-A481-AE9D1E98B91A}"
EndProject
Project("{9A19103F-16F7-4668-BE54-9A1E7A4F7556}") = "pryCarpetaCiudadanaLambda.AutenticarDocumento", "pryCarpetaCiudadanaLambda.AutenticarDocumento\pryCarpetaCiudadanaLambda.AutenticarDocumento.csproj", "{2982B198-D2AC-4E13-8952-93BA953237D9}"
EndProject
Project("{9A19103F-16F7-4668-BE54-9A1E7A4F7556}") = "pryCarpetaCiudadana.AuthDoc", "pryCarpetaCiudadana.AuthDoc\pryCarpetaCiudadana.AuthDoc.csproj", "{1FACC575-2520-44A8-81D1-3288CD7A8011}"
EndProject
Global
	GlobalSection(SolutionConfigurationPlatforms) = preSolution
		Debug|Any CPU = Debug|Any CPU
		Release|Any CPU = Release|Any CPU
	EndGlobalSection
	GlobalSection(ProjectConfigurationPlatforms) = postSolution
		{44E4BEC7-D2EC-4E3E-98C5-5347F74172BF}.Debug|Any CPU.ActiveCfg = Debug|Any CPU
		{44E4BEC7-D2EC-4E3E-98C5-5347F74172BF}.Debug|Any CPU.Build.0 = Debug|Any CPU
		{44E4BEC7-D2EC-4E3E-98C5-5347F74172BF}.Release|Any CPU.ActiveCfg = Release|Any CPU
		{44E4BEC7-D2EC-4E3E-98C5-5347F74172BF}.Release|Any CPU.Build.0 = Release|Any CPU
		{82BEC2DE-0522-4535-A317-6FE1E4971167}.Debug|Any CPU.ActiveCfg = Debug|Any CPU
		{82BEC2DE-0522-4535-A317-6FE1E4971167}.Debug|Any CPU.Build.0 = Debug|Any CPU
		{82BEC2DE-0522-4535-A317-6FE1E4971167}.Release|Any CPU.ActiveCfg = Release|Any CPU
		{82BEC2DE-0522-4535-A317-6FE1E4971167}.Release|Any CPU.Build.0 = Release|Any CPU
		{AC4F9552-8F99-462C-8C71-3C79A6E5454D}.Debug|Any CPU.ActiveCfg = Debug|Any CPU
		{AC4F9552-8F99-462C-8C71-3C79A6E5454D}.Debug|Any CPU.Build.0 = Debug|Any CPU
		{AC4F9552-8F99-462C-8C71-3C79A6E5454D}.Release|Any CPU.ActiveCfg = Release|Any CPU
		{AC4F9552-8F99-462C-8C71-3C79A6E5454D}.Release|Any CPU.Build.0 = Release|Any CPU
		{B526E7AA-ED03-4D92-B693-018FAFBE02C2}.Debug|Any CPU.ActiveCfg = Debug|Any CPU
		{B526E7AA-ED03-4D92-B693-018FAFBE02C2}.Debug|Any CPU.Build.0 = Debug|Any CPU
		{B526E7AA-ED03-4D92-B693-018FAFBE02C2}.Release|Any CPU.ActiveCfg = Release|Any CPU
		{B526E7AA-ED03-4D92-B693-018FAFBE02C2}.Release|Any CPU.Build.0 = Release|Any CPU
		{D2B00107-E25B-4E44-AD09-5851E86D6B13}.Debug|Any CPU.ActiveCfg = Debug|Any CPU
		{D2B00107-E25B-4E44-AD09-5851E86D6B13}.Debug|Any CPU.Build.0 = Debug|Any CPU
		{D2B00107-E25B-4E44-AD09-5851E86D6B13}.Release|Any CPU.ActiveCfg = Release|Any CPU
		{D2B00107-E25B-4E44-AD09-5851E86D6B13}.Release|Any CPU.Build.0 = Release|Any CPU
		{40BFDDE1-D0A4-42F7-AB9A-2B7F2E20922B}.Debug|Any CPU.ActiveCfg = Debug|Any CPU
		{40BFDDE1-D0A4-42F7-AB9A-2B7F2E20922B}.Debug|Any CPU.Build.0 = Debug|Any CPU
		{40BFDDE1-D0A4-42F7-AB9A-2B7F2E20922B}.Release|Any CPU.ActiveCfg = Release|Any CPU
		{40BFDDE1-D0A4-42F7-AB9A-2B7F2E20922B}.Release|Any CPU.Build.0 = Release|Any CPU
		{3A4C7003-C3BE-4A45-AED9-C278DC829566}.Debug|Any CPU.ActiveCfg = Debug|Any CPU
		{3A4C7003-C3BE-4A45-AED9-C278DC829566}.Debug|Any CPU.Build.0 = Debug|Any CPU
		{3A4C7003-C3BE-4A45-AED9-C278DC829566}.Release|Any CPU.ActiveCfg = Release|Any CPU
		{3A4C7003-C3BE-4A45-AED9-C278DC829566}.Release|Any CPU.Build.0 = Release|Any CPU
		{0798E698-A05C-4C8E-AC3C-2EBE6139E685}.Debug|Any CPU.ActiveCfg = Debug|Any CPU
		{0798E698-A05C-4C8E-AC3C-2EBE6139E685}.Debug|Any CPU.Build.0 = Debug|Any CPU
		{0798E698-A05C-4C8E-AC3C-2EBE6139E685}.Release|Any CPU.ActiveCfg = Release|Any CPU
		{0798E698-A05C-4C8E-AC3C-2EBE6139E685}.Release|Any CPU.Build.0 = Release|Any CPU
		{7A070184-0ACD-47DF-9049-7C3494D1A746}.Debug|Any CPU.ActiveCfg = Debug|Any CPU
		{7A070184-0ACD-47DF-9049-7C3494D1A746}.Debug|Any CPU.Build.0 = Debug|Any CPU
		{7A070184-0ACD-47DF-9049-7C3494D1A746}.Release|Any CPU.ActiveCfg = Release|Any CPU
		{7A070184-0ACD-47DF-9049-7C3494D1A746}.Release|Any CPU.Build.0 = Release|Any CPU
		{1F2E6A3B-3B50-4393-A481-AE9D1E98B91A}.Debug|Any CPU.ActiveCfg = Debug|Any CPU
		{1F2E6A3B-3B50-4393-A481-AE9D1E98B91A}.Debug|Any CPU.Build.0 = Debug|Any CPU
		{1F2E6A3B-3B50-4393-A481-AE9D1E98B91A}.Release|Any CPU.ActiveCfg = Release|Any CPU
		{1F2E6A3B-3B50-4393-A481-AE9D1E98B91A}.Release|Any CPU.Build.0 = Release|Any CPU
		{2982B198-D2AC-4E13-8952-93BA953237D9}.Debug|Any CPU.ActiveCfg = Debug|Any CPU
		{2982B198-D2AC-4E13-8952-93BA953237D9}.Debug|Any CPU.Build.0 = Debug|Any CPU
		{2982B198-D2AC-4E13-8952-93BA953237D9}.Release|Any CPU.ActiveCfg = Release|Any CPU
		{2982B198-D2AC-4E13-8952-93BA953237D9}.Release|Any CPU.Build.0 = Release|Any CPU
		{1FACC575-2520-44A8-81D1-3288CD7A8011}.Debug|Any CPU.ActiveCfg = Debug|Any CPU
		{1FACC575-2520-44A8-81D1-3288CD7A8011}.Debug|Any CPU.Build.0 = Debug|Any CPU
		{1FACC575-2520-44A8-81D1-3288CD7A8011}.Release|Any CPU.ActiveCfg = Release|Any CPU
		{1FACC575-2520-44A8-81D1-3288CD7A8011}.Release|Any CPU.Build.0 = Release|Any CPU
	EndGlobalSection
	GlobalSection(SolutionProperties) = preSolution
		HideSolutionNode = FALSE
	EndGlobalSection
	GlobalSection(ExtensibilityGlobals) = postSolution
		SolutionGuid = {378A0FF7-88A1-4A72-B498-388231AEEBAD}
	EndGlobalSection
EndGlobal
